// !$*UTF8*$!
{
	archiveVersion = 1;
	classes = {
	};
	objectVersion = 48;
	objects = {

/* Begin PBXBuildFile section */
		A4032D672047E1AE000AF279 /* AppDelegate.swift in Sources */ = {isa = PBXBuildFile; fileRef = A4032D662047E1AE000AF279 /* AppDelegate.swift */; };
		A4032D6E2047E1AE000AF279 /* Main.storyboard in Resources */ = {isa = PBXBuildFile; fileRef = A4032D6C2047E1AE000AF279 /* Main.storyboard */; };
		A4032D702047E1AE000AF279 /* Assets.xcassets in Resources */ = {isa = PBXBuildFile; fileRef = A4032D6F2047E1AE000AF279 /* Assets.xcassets */; };
		A4032D732047E1AE000AF279 /* LaunchScreen.storyboard in Resources */ = {isa = PBXBuildFile; fileRef = A4032D712047E1AE000AF279 /* LaunchScreen.storyboard */; };
		A4C49BB8204A1FF600A896CD /* Resort.swift in Sources */ = {isa = PBXBuildFile; fileRef = A4C49BB7204A1FF600A896CD /* Resort.swift */; };
		A4C49BBA204A25DD00A896CD /* ResortSwipeViewController.swift in Sources */ = {isa = PBXBuildFile; fileRef = A4C49BB9204A25DD00A896CD /* ResortSwipeViewController.swift */; };
		A4C49BC0204A270A00A896CD /* ResortsTableViewCell.swift in Sources */ = {isa = PBXBuildFile; fileRef = A4C49BBF204A270A00A896CD /* ResortsTableViewCell.swift */; };
		A4C49BC2204A2AB900A896CD /* CardStack.swift in Sources */ = {isa = PBXBuildFile; fileRef = A4C49BC1204A2AB900A896CD /* CardStack.swift */; };
		A4C49BC4204A2AD300A896CD /* CardView.swift in Sources */ = {isa = PBXBuildFile; fileRef = A4C49BC3204A2AD300A896CD /* CardView.swift */; };
/* End PBXBuildFile section */

/* Begin PBXFileReference section */
		A4032D632047E1AE000AF279 /* EPICvsIKON.app */ = {isa = PBXFileReference; explicitFileType = wrapper.application; includeInIndex = 0; path = EPICvsIKON.app; sourceTree = BUILT_PRODUCTS_DIR; };
		A4032D662047E1AE000AF279 /* AppDelegate.swift */ = {isa = PBXFileReference; lastKnownFileType = sourcecode.swift; path = AppDelegate.swift; sourceTree = "<group>"; };
		A4032D6D2047E1AE000AF279 /* Base */ = {isa = PBXFileReference; lastKnownFileType = file.storyboard; name = Base; path = Base.lproj/Main.storyboard; sourceTree = "<group>"; };
		A4032D6F2047E1AE000AF279 /* Assets.xcassets */ = {isa = PBXFileReference; lastKnownFileType = folder.assetcatalog; path = Assets.xcassets; sourceTree = "<group>"; };
		A4032D722047E1AE000AF279 /* Base */ = {isa = PBXFileReference; lastKnownFileType = file.storyboard; name = Base; path = Base.lproj/LaunchScreen.storyboard; sourceTree = "<group>"; };
		A4032D742047E1AE000AF279 /* Info.plist */ = {isa = PBXFileReference; lastKnownFileType = text.plist.xml; path = Info.plist; sourceTree = "<group>"; };
		A4C49BB7204A1FF600A896CD /* Resort.swift */ = {isa = PBXFileReference; lastKnownFileType = sourcecode.swift; path = Resort.swift; sourceTree = "<group>"; };
		A4C49BB9204A25DD00A896CD /* ResortSwipeViewController.swift */ = {isa = PBXFileReference; lastKnownFileType = sourcecode.swift; path = ResortSwipeViewController.swift; sourceTree = "<group>"; };
		A4C49BBF204A270A00A896CD /* ResortsTableViewCell.swift */ = {isa = PBXFileReference; lastKnownFileType = sourcecode.swift; path = ResortsTableViewCell.swift; sourceTree = "<group>"; };
		A4C49BC1204A2AB900A896CD /* CardStack.swift */ = {isa = PBXFileReference; lastKnownFileType = sourcecode.swift; path = CardStack.swift; sourceTree = "<group>"; };
		A4C49BC3204A2AD300A896CD /* CardView.swift */ = {isa = PBXFileReference; lastKnownFileType = sourcecode.swift; path = CardView.swift; sourceTree = "<group>"; };
/* End PBXFileReference section */

/* Begin PBXFrameworksBuildPhase section */
		A4032D602047E1AE000AF279 /* Frameworks */ = {
			isa = PBXFrameworksBuildPhase;
			buildActionMask = 2147483647;
			files = (
			);
			runOnlyForDeploymentPostprocessing = 0;
		};
/* End PBXFrameworksBuildPhase section */

/* Begin PBXGroup section */
		A4032D5A2047E1AE000AF279 = {
			isa = PBXGroup;
			children = (
				A4032D652047E1AE000AF279 /* EPICvsIKON */,
				A4032D642047E1AE000AF279 /* Products */,
			);
			sourceTree = "<group>";
		};
		A4032D642047E1AE000AF279 /* Products */ = {
			isa = PBXGroup;
			children = (
				A4032D632047E1AE000AF279 /* EPICvsIKON.app */,
			);
			name = Products;
			sourceTree = "<group>";
		};
		A4032D652047E1AE000AF279 /* EPICvsIKON */ = {
			isa = PBXGroup;
			children = (
				A4032D662047E1AE000AF279 /* AppDelegate.swift */,
				A4032D6C2047E1AE000AF279 /* Main.storyboard */,
				A4032D7C2047E1F7000AF279 /* model */,
				A4032D7B2047E1F0000AF279 /* view */,
				A4032D7A2047E1C5000AF279 /* controller */,
				A4032D7D2047E206000AF279 /* Supporting Files */,
			);
			path = EPICvsIKON;
			sourceTree = "<group>";
		};
		A4032D7A2047E1C5000AF279 /* controller */ = {
			isa = PBXGroup;
			children = (
				A4C49BB9204A25DD00A896CD /* ResortSwipeViewController.swift */,
			);
			path = controller;
			sourceTree = "<group>";
		};
		A4032D7B2047E1F0000AF279 /* view */ = {
			isa = PBXGroup;
			children = (
				A4C49BC1204A2AB900A896CD /* CardStack.swift */,
				A4C49BC3204A2AD300A896CD /* CardView.swift */,
				A4C49BBF204A270A00A896CD /* ResortsTableViewCell.swift */,
			);
			path = view;
			sourceTree = "<group>";
		};
		A4032D7C2047E1F7000AF279 /* model */ = {
			isa = PBXGroup;
			children = (
				A4C49BB7204A1FF600A896CD /* Resort.swift */,
			);
			path = model;
			sourceTree = "<group>";
		};
		A4032D7D2047E206000AF279 /* Supporting Files */ = {
			isa = PBXGroup;
			children = (
				A4032D6F2047E1AE000AF279 /* Assets.xcassets */,
				A4032D712047E1AE000AF279 /* LaunchScreen.storyboard */,
				A4032D742047E1AE000AF279 /* Info.plist */,
			);
			path = "Supporting Files";
			sourceTree = "<group>";
		};
/* End PBXGroup section */

/* Begin PBXNativeTarget section */
		A4032D622047E1AE000AF279 /* EPICvsIKON */ = {
			isa = PBXNativeTarget;
			buildConfigurationList = A4032D772047E1AE000AF279 /* Build configuration list for PBXNativeTarget "EPICvsIKON" */;
			buildPhases = (
				A4032D5F2047E1AE000AF279 /* Sources */,
				A4032D602047E1AE000AF279 /* Frameworks */,
				A4032D612047E1AE000AF279 /* Resources */,
			);
			buildRules = (
			);
			dependencies = (
			);
			name = EPICvsIKON;
			productName = EPICvsIKON;
			productReference = A4032D632047E1AE000AF279 /* EPICvsIKON.app */;
			productType = "com.apple.product-type.application";
		};
/* End PBXNativeTarget section */

/* Begin PBXProject section */
		A4032D5B2047E1AE000AF279 /* Project object */ = {
			isa = PBXProject;
			attributes = {
				LastSwiftUpdateCheck = 0920;
				LastUpgradeCheck = 0920;
				ORGANIZATIONNAME = "trvl, LLC";
				TargetAttributes = {
					A4032D622047E1AE000AF279 = {
						CreatedOnToolsVersion = 9.2;
						ProvisioningStyle = Automatic;
					};
				};
			};
			buildConfigurationList = A4032D5E2047E1AE000AF279 /* Build configuration list for PBXProject "EPICvsIKON" */;
			compatibilityVersion = "Xcode 8.0";
			developmentRegion = en;
			hasScannedForEncodings = 0;
			knownRegions = (
				en,
				Base,
			);
			mainGroup = A4032D5A2047E1AE000AF279;
			productRefGroup = A4032D642047E1AE000AF279 /* Products */;
			projectDirPath = "";
			projectRoot = "";
			targets = (
				A4032D622047E1AE000AF279 /* EPICvsIKON */,
			);
		};
/* End PBXProject section */

/* Begin PBXResourcesBuildPhase section */
		A4032D612047E1AE000AF279 /* Resources */ = {
			isa = PBXResourcesBuildPhase;
			buildActionMask = 2147483647;
			files = (
				A4032D732047E1AE000AF279 /* LaunchScreen.storyboard in Resources */,
				A4032D702047E1AE000AF279 /* Assets.xcassets in Resources */,
				A4032D6E2047E1AE000AF279 /* Main.storyboard in Resources */,
			);
			runOnlyForDeploymentPostprocessing = 0;
		};
/* End PBXResourcesBuildPhase section */

/* Begin PBXSourcesBuildPhase section */
		A4032D5F2047E1AE000AF279 /* Sources */ = {
			isa = PBXSourcesBuildPhase;
			buildActionMask = 2147483647;
			files = (
				A4C49BC0204A270A00A896CD /* ResortsTableViewCell.swift in Sources */,
				A4C49BBA204A25DD00A896CD /* ResortSwipeViewController.swift in Sources */,
				A4032D672047E1AE000AF279 /* AppDelegate.swift in Sources */,
				A4C49BB8204A1FF600A896CD /* Resort.swift in Sources */,
				A4C49BC4204A2AD300A896CD /* CardView.swift in Sources */,
				A4C49BC2204A2AB900A896CD /* CardStack.swift in Sources */,
			);
			runOnlyForDeploymentPostprocessing = 0;
		};
/* End PBXSourcesBuildPhase section */

/* Begin PBXVariantGroup section */
		A4032D6C2047E1AE000AF279 /* Main.storyboard */ = {
			isa = PBXVariantGroup;
			children = (
				A4032D6D2047E1AE000AF279 /* Base */,
			);
			name = Main.storyboard;
			sourceTree = "<group>";
		};
		A4032D712047E1AE000AF279 /* LaunchScreen.storyboard */ = {
			isa = PBXVariantGroup;
			children = (
				A4032D722047E1AE000AF279 /* Base */,
			);
			name = LaunchScreen.storyboard;
			sourceTree = "<group>";
		};
/* End PBXVariantGroup section */

/* Begin XCBuildConfiguration section */
		A4032D752047E1AE000AF279 /* Debug */ = {
			isa = XCBuildConfiguration;
			buildSettings = {
				ALWAYS_SEARCH_USER_PATHS = NO;
				CLANG_ANALYZER_NONNULL = YES;
				CLANG_ANALYZER_NUMBER_OBJECT_CONVERSION = YES_AGGRESSIVE;
				CLANG_CXX_LANGUAGE_STANDARD = "gnu++14";
				CLANG_CXX_LIBRARY = "libc++";
				CLANG_ENABLE_MODULES = YES;
				CLANG_ENABLE_OBJC_ARC = YES;
				CLANG_WARN_BLOCK_CAPTURE_AUTORELEASING = YES;
				CLANG_WARN_BOOL_CONVERSION = YES;
				CLANG_WARN_COMMA = YES;
				CLANG_WARN_CONSTANT_CONVERSION = YES;
				CLANG_WARN_DIRECT_OBJC_ISA_USAGE = YES_ERROR;
				CLANG_WARN_DOCUMENTATION_COMMENTS = YES;
				CLANG_WARN_EMPTY_BODY = YES;
				CLANG_WARN_ENUM_CONVERSION = YES;
				CLANG_WARN_INFINITE_RECURSION = YES;
				CLANG_WARN_INT_CONVERSION = YES;
				CLANG_WARN_NON_LITERAL_NULL_CONVERSION = YES;
				CLANG_WARN_OBJC_LITERAL_CONVERSION = YES;
				CLANG_WARN_OBJC_ROOT_CLASS = YES_ERROR;
				CLANG_WARN_RANGE_LOOP_ANALYSIS = YES;
				CLANG_WARN_STRICT_PROTOTYPES = YES;
				CLANG_WARN_SUSPICIOUS_MOVE = YES;
				CLANG_WARN_UNGUARDED_AVAILABILITY = YES_AGGRESSIVE;
				CLANG_WARN_UNREACHABLE_CODE = YES;
				CLANG_WARN__DUPLICATE_METHOD_MATCH = YES;
				CODE_SIGN_IDENTITY = "iPhone Developer";
				COPY_PHASE_STRIP = NO;
				DEBUG_INFORMATION_FORMAT = dwarf;
				ENABLE_STRICT_OBJC_MSGSEND = YES;
				ENABLE_TESTABILITY = YES;
				GCC_C_LANGUAGE_STANDARD = gnu11;
				GCC_DYNAMIC_NO_PIC = NO;
				GCC_NO_COMMON_BLOCKS = YES;
				GCC_OPTIMIZATION_LEVEL = 0;
				GCC_PREPROCESSOR_DEFINITIONS = (
					"DEBUG=1",
					"$(inherited)",
				);
				GCC_WARN_64_TO_32_BIT_CONVERSION = YES;
				GCC_WARN_ABOUT_RETURN_TYPE = YES_ERROR;
				GCC_WARN_UNDECLARED_SELECTOR = YES;
				GCC_WARN_UNINITIALIZED_AUTOS = YES_AGGRESSIVE;
				GCC_WARN_UNUSED_FUNCTION = YES;
				GCC_WARN_UNUSED_VARIABLE = YES;
				IPHONEOS_DEPLOYMENT_TARGET = 11.2;
				MTL_ENABLE_DEBUG_INFO = YES;
				ONLY_ACTIVE_ARCH = YES;
				SDKROOT = iphoneos;
				SWIFT_ACTIVE_COMPILATION_CONDITIONS = DEBUG;
				SWIFT_OPTIMIZATION_LEVEL = "-Onone";
			};
			name = Debug;
		};
		A4032D762047E1AE000AF279 /* Release */ = {
			isa = XCBuildConfiguration;
			buildSettings = {
				ALWAYS_SEARCH_USER_PATHS = NO;
				CLANG_ANALYZER_NONNULL = YES;
				CLANG_ANALYZER_NUMBER_OBJECT_CONVERSION = YES_AGGRESSIVE;
				CLANG_CXX_LANGUAGE_STANDARD = "gnu++14";
				CLANG_CXX_LIBRARY = "libc++";
				CLANG_ENABLE_MODULES = YES;
				CLANG_ENABLE_OBJC_ARC = YES;
				CLANG_WARN_BLOCK_CAPTURE_AUTORELEASING = YES;
				CLANG_WARN_BOOL_CONVERSION = YES;
				CLANG_WARN_COMMA = YES;
				CLANG_WARN_CONSTANT_CONVERSION = YES;
				CLANG_WARN_DIRECT_OBJC_ISA_USAGE = YES_ERROR;
				CLANG_WARN_DOCUMENTATION_COMMENTS = YES;
				CLANG_WARN_EMPTY_BODY = YES;
				CLANG_WARN_ENUM_CONVERSION = YES;
				CLANG_WARN_INFINITE_RECURSION = YES;
				CLANG_WARN_INT_CONVERSION = YES;
				CLANG_WARN_NON_LITERAL_NULL_CONVERSION = YES;
				CLANG_WARN_OBJC_LITERAL_CONVERSION = YES;
				CLANG_WARN_OBJC_ROOT_CLASS = YES_ERROR;
				CLANG_WARN_RANGE_LOOP_ANALYSIS = YES;
				CLANG_WARN_STRICT_PROTOTYPES = YES;
				CLANG_WARN_SUSPICIOUS_MOVE = YES;
				CLANG_WARN_UNGUARDED_AVAILABILITY = YES_AGGRESSIVE;
				CLANG_WARN_UNREACHABLE_CODE = YES;
				CLANG_WARN__DUPLICATE_METHOD_MATCH = YES;
				CODE_SIGN_IDENTITY = "iPhone Developer";
				COPY_PHASE_STRIP = NO;
				DEBUG_INFORMATION_FORMAT = "dwarf-with-dsym";
				ENABLE_NS_ASSERTIONS = NO;
				ENABLE_STRICT_OBJC_MSGSEND = YES;
				GCC_C_LANGUAGE_STANDARD = gnu11;
				GCC_NO_COMMON_BLOCKS = YES;
				GCC_WARN_64_TO_32_BIT_CONVERSION = YES;
				GCC_WARN_ABOUT_RETURN_TYPE = YES_ERROR;
				GCC_WARN_UNDECLARED_SELECTOR = YES;
				GCC_WARN_UNINITIALIZED_AUTOS = YES_AGGRESSIVE;
				GCC_WARN_UNUSED_FUNCTION = YES;
				GCC_WARN_UNUSED_VARIABLE = YES;
				IPHONEOS_DEPLOYMENT_TARGET = 11.2;
				MTL_ENABLE_DEBUG_INFO = NO;
				SDKROOT = iphoneos;
				SWIFT_OPTIMIZATION_LEVEL = "-Owholemodule";
				VALIDATE_PRODUCT = YES;
			};
			name = Release;
		};
		A4032D782047E1AE000AF279 /* Debug */ = {
			isa = XCBuildConfiguration;
			buildSettings = {
				ASSETCATALOG_COMPILER_APPICON_NAME = AppIcon;
				CODE_SIGN_STYLE = Automatic;
				DEVELOPMENT_TEAM = 6D9CKTK39V;
				INFOPLIST_FILE = "$(SRCROOT)/EPICvsIKON/Supporting Files/Info.plist";
				LD_RUNPATH_SEARCH_PATHS = "$(inherited) @executable_path/Frameworks";
				PRODUCT_BUNDLE_IDENTIFIER = com.jsanchezrides.EPICvsIKON;
				PRODUCT_NAME = "$(TARGET_NAME)";
				SWIFT_VERSION = 4.0;
				TARGETED_DEVICE_FAMILY = "1,2";
			};
			name = Debug;
		};
		A4032D792047E1AE000AF279 /* Release */ = {
			isa = XCBuildConfiguration;
			buildSettings = {
				ASSETCATALOG_COMPILER_APPICON_NAME = AppIcon;
				CODE_SIGN_STYLE = Automatic;
				DEVELOPMENT_TEAM = 6D9CKTK39V;
				INFOPLIST_FILE = "$(SRCROOT)/EPICvsIKON/Supporting Files/Info.plist";
				LD_RUNPATH_SEARCH_PATHS = "$(inherited) @executable_path/Frameworks";
				PRODUCT_BUNDLE_IDENTIFIER = com.jsanchezrides.EPICvsIKON;
				PRODUCT_NAME = "$(TARGET_NAME)";
				SWIFT_VERSION = 4.0;
				TARGETED_DEVICE_FAMILY = "1,2";
			};
			name = Release;
		};
/* End XCBuildConfiguration section */

/* Begin XCConfigurationList section */
		A4032D5E2047E1AE000AF279 /* Build configuration list for PBXProject "EPICvsIKON" */ = {
			isa = XCConfigurationList;
			buildConfigurations = (
				A4032D752047E1AE000AF279 /* Debug */,
				A4032D762047E1AE000AF279 /* Release */,
			);
			defaultConfigurationIsVisible = 0;
			defaultConfigurationName = Release;
		};
		A4032D772047E1AE000AF279 /* Build configuration list for PBXNativeTarget "EPICvsIKON" */ = {
			isa = XCConfigurationList;
			buildConfigurations = (
				A4032D782047E1AE000AF279 /* Debug */,
				A4032D792047E1AE000AF279 /* Release */,
			);
			defaultConfigurationIsVisible = 0;
			defaultConfigurationName = Release;
		};
/* End XCConfigurationList section */
	};
	rootObject = A4032D5B2047E1AE000AF279 /* Project object */;
}
